PODS:
  - GPUImage (0.1.7)
  - Masonry (1.1.0)
  - RSSwizzle (0.1.0)

DEPENDENCIES:
  - GPUImage
  - Masonry
  - RSSwizzle

SPEC REPOS:
  https://github.com/cocoapods/specs.git:
    - GPUImage
    - Masonry
    - RSSwizzle

SPEC CHECKSUMS:
  GPUImage: 733a5f0fab92df9de1c37ba9df520a833ccb406d
  Masonry: 678fab65091a9290e40e2832a55e7ab731aad201
  RSSwizzle: d561958f595028bfcef98c7d55c318b3878a61c6

PODFILE CHECKSUM: 2db4c119a2bca994d5e561343d18a3f580277e43

COCOAPODS: 1.5.3
