// !$*UTF8*$!
{
	archiveVersion = 1;
	classes = {
	};
	objectVersion = 48;
	objects = {

/* Begin PBXBuildFile section */
		23196AFDEBC99FC481EB50DE /* libPods-SimpleCam.a in Frameworks */ = {isa = PBXBuildFile; fileRef = 191A603F1782103A77B17274 /* libPods-SimpleCam.a */; };
		E87C109E228C68DA00653DDA /* SCCameraTopView.m in Sources */ = {isa = PBXBuildFile; fileRef = E87C109D228C68DA00653DDA /* SCCameraTopView.m */; };
		E87C10A3228FB46E00653DDA /* SCVideoResultViewController.m in Sources */ = {isa = PBXBuildFile; fileRef = E87C10A2228FB46E00653DDA /* SCVideoResultViewController.m */; };
		E87C10A9228FB4DF00653DDA /* SCVideoResultViewController+UI.m in Sources */ = {isa = PBXBuildFile; fileRef = E87C10A8228FB4DF00653DDA /* SCVideoResultViewController+UI.m */; };
		E87C10AC228FCC6300653DDA /* SCFileHelper.m in Sources */ = {isa = PBXBuildFile; fileRef = E87C10AB228FCC6300653DDA /* SCFileHelper.m */; };
		E87C10AF228FE0E200653DDA /* SCCameraViewController+RecordVideo.m in Sources */ = {isa = PBXBuildFile; fileRef = E87C10AE228FE0E200653DDA /* SCCameraViewController+RecordVideo.m */; };
		E87C10B2228FEA7B00653DDA /* SCVideoModel.m in Sources */ = {isa = PBXBuildFile; fileRef = E87C10B1228FEA7B00653DDA /* SCVideoModel.m */; };
		E87C10B52290009A00653DDA /* SCCapturingModeSwitchView.m in Sources */ = {isa = PBXBuildFile; fileRef = E87C10B42290009A00653DDA /* SCCapturingModeSwitchView.m */; };
		E89949ED22A25C8C00FC85C0 /* UIDevice+Extention.m in Sources */ = {isa = PBXBuildFile; fileRef = E89949EC22A25C8C00FC85C0 /* UIDevice+Extention.m */; };
		E89949F122A27E5700FC85C0 /* SCVisualEffectView.m in Sources */ = {isa = PBXBuildFile; fileRef = E89949F022A27E5700FC85C0 /* SCVisualEffectView.m */; };
		E89949F422A538DD00FC85C0 /* SCCameraVideoTimeLabel.m in Sources */ = {isa = PBXBuildFile; fileRef = E89949F322A538DD00FC85C0 /* SCCameraVideoTimeLabel.m */; };
		E89949F722A53BE600FC85C0 /* SCTimeHelper.m in Sources */ = {isa = PBXBuildFile; fileRef = E89949F622A53BE600FC85C0 /* SCTimeHelper.m */; };
		E89949FD22A5612100FC85C0 /* SCCameraViewController+Notification.m in Sources */ = {isa = PBXBuildFile; fileRef = E89949FC22A5612100FC85C0 /* SCCameraViewController+Notification.m */; };
		E8B95C1F22A402FB00F51025 /* UIButton+Extention.m in Sources */ = {isa = PBXBuildFile; fileRef = E8B95C1E22A402FB00F51025 /* UIButton+Extention.m */; };
		E8D18EE922586CEC00ECFB98 /* SCCameraViewController.m in Sources */ = {isa = PBXBuildFile; fileRef = E8D18EE822586CEC00ECFB98 /* SCCameraViewController.m */; };
		E8D18EF1225877A600ECFB98 /* SCViewController.m in Sources */ = {isa = PBXBuildFile; fileRef = E8D18EF0225877A600ECFB98 /* SCViewController.m */; };
		E8D18EF5225879A200ECFB98 /* SCCameraManager.m in Sources */ = {isa = PBXBuildFile; fileRef = E8D18EF4225879A200ECFB98 /* SCCameraManager.m */; };
		E8D18EF82258823200ECFB98 /* SCCapturingButton.m in Sources */ = {isa = PBXBuildFile; fileRef = E8D18EF72258823200ECFB98 /* SCCapturingButton.m */; };
		E8D18EFE2258893800ECFB98 /* SCCameraViewController+UI.m in Sources */ = {isa = PBXBuildFile; fileRef = E8D18EFD2258893800ECFB98 /* SCCameraViewController+UI.m */; };
		E8D18F01225890C900ECFB98 /* SCCameraViewController+TakePhoto.m in Sources */ = {isa = PBXBuildFile; fileRef = E8D18F00225890C900ECFB98 /* SCCameraViewController+TakePhoto.m */; };
		E8D18F062258927A00ECFB98 /* SCPhotoResultViewController.m in Sources */ = {isa = PBXBuildFile; fileRef = E8D18F052258927A00ECFB98 /* SCPhotoResultViewController.m */; };
		E8D18F0D2258A11D00ECFB98 /* SCCameraViewController+Filter.m in Sources */ = {isa = PBXBuildFile; fileRef = E8D18F0C2258A11D00ECFB98 /* SCCameraViewController+Filter.m */; };
		E8D18F132258A3AB00ECFB98 /* SCPhotoResultViewController+UI.m in Sources */ = {isa = PBXBuildFile; fileRef = E8D18F122258A3AB00ECFB98 /* SCPhotoResultViewController+UI.m */; };
		E8D80C2A22901A6100CDB060 /* UIView+Extention.m in Sources */ = {isa = PBXBuildFile; fileRef = E8D80C2922901A6100CDB060 /* UIView+Extention.m */; };
		E8D80C2D22990D3700CDB060 /* SCAssetHelper.m in Sources */ = {isa = PBXBuildFile; fileRef = E8D80C2C22990D3700CDB060 /* SCAssetHelper.m */; };
		E8D80C3322992E7000CDB060 /* GPUImageMovieWriter+BugFix.m in Sources */ = {isa = PBXBuildFile; fileRef = E8D80C3222992E7000CDB060 /* GPUImageMovieWriter+BugFix.m */; };
		E8D80C3622992F2800CDB060 /* SCGPUImageMovieWriter.m in Sources */ = {isa = PBXBuildFile; fileRef = E8D80C3522992F2800CDB060 /* SCGPUImageMovieWriter.m */; };
		E8D80C3A22994EF900CDB060 /* GPUImageBeautifyFilter.m in Sources */ = {isa = PBXBuildFile; fileRef = E8D80C3922994EF900CDB060 /* GPUImageBeautifyFilter.m */; };
		E8D80C3D22997E1500CDB060 /* SCFilterHandler.m in Sources */ = {isa = PBXBuildFile; fileRef = E8D80C3C22997E1500CDB060 /* SCFilterHandler.m */; };
		E8D80C4022A2ADA700CDB060 /* SCFilterCategoryView.m in Sources */ = {isa = PBXBuildFile; fileRef = E8D80C3F22A2ADA700CDB060 /* SCFilterCategoryView.m */; };
		E8D80C4322A2AF0D00CDB060 /* SCFilterCategoryCell.m in Sources */ = {isa = PBXBuildFile; fileRef = E8D80C4222A2AF0D00CDB060 /* SCFilterCategoryCell.m */; };
		E8D80C4522A2B9D600CDB060 /* DefaultFilterMaterials.plist in Resources */ = {isa = PBXBuildFile; fileRef = E8D80C4422A2B9D500CDB060 /* DefaultFilterMaterials.plist */; };
		E8D80C4722A2BA1300CDB060 /* TikTokFilterMaterials.plist in Resources */ = {isa = PBXBuildFile; fileRef = E8D80C4622A2BA1300CDB060 /* TikTokFilterMaterials.plist */; };
		E8D80C5D22A38C5D00CDB060 /* SCGPUImageBaseFilter.m in Sources */ = {isa = PBXBuildFile; fileRef = E8D80C5722A38C5D00CDB060 /* SCGPUImageBaseFilter.m */; };
		E8D80C5E22A38C5D00CDB060 /* SCGPUImageScaleFilter.m in Sources */ = {isa = PBXBuildFile; fileRef = E8D80C5A22A38C5D00CDB060 /* SCGPUImageScaleFilter.m */; };
		E8D80C5F22A38C5D00CDB060 /* SCGPUImageSoulOutFilter.m in Sources */ = {isa = PBXBuildFile; fileRef = E8D80C5C22A38C5D00CDB060 /* SCGPUImageSoulOutFilter.m */; };
		E8D80C6222A38F2600CDB060 /* SCGPUImageShakeFilter.m in Sources */ = {isa = PBXBuildFile; fileRef = E8D80C6122A38F2600CDB060 /* SCGPUImageShakeFilter.m */; };
		E8D80C6522A391E200CDB060 /* SCGPUImageShineWhiteFilter.m in Sources */ = {isa = PBXBuildFile; fileRef = E8D80C6422A391E200CDB060 /* SCGPUImageShineWhiteFilter.m */; };
		E8D80C6822A397E400CDB060 /* SCGPUImageGlitchFilter.m in Sources */ = {isa = PBXBuildFile; fileRef = E8D80C6722A397E400CDB060 /* SCGPUImageGlitchFilter.m */; };
		E8D80C6B22A3A1B100CDB060 /* SCGPUImageVertigoFilter.m in Sources */ = {isa = PBXBuildFile; fileRef = E8D80C6A22A3A1B100CDB060 /* SCGPUImageVertigoFilter.m */; };
		E8E578DF2261A8890093BB7B /* SCFilterBarView.m in Sources */ = {isa = PBXBuildFile; fileRef = E8E578DE2261A8890093BB7B /* SCFilterBarView.m */; };
		E8E578E32261B9580093BB7B /* SCFilterMaterialView.m in Sources */ = {isa = PBXBuildFile; fileRef = E8E578E22261B9570093BB7B /* SCFilterMaterialView.m */; };
		E8E578E62261BA7B0093BB7B /* SCFilterMaterialViewCell.m in Sources */ = {isa = PBXBuildFile; fileRef = E8E578E52261BA7B0093BB7B /* SCFilterMaterialViewCell.m */; };
		E8E578E92261BB3F0093BB7B /* SCFilterMaterialModel.m in Sources */ = {isa = PBXBuildFile; fileRef = E8E578E82261BB3F0093BB7B /* SCFilterMaterialModel.m */; };
		E8E578F02261D2FB0093BB7B /* SCFilterHelper.m in Sources */ = {isa = PBXBuildFile; fileRef = E8E578EF2261D2FB0093BB7B /* SCFilterHelper.m */; };
		E8E578F92261DD590093BB7B /* SCFilterManager.m in Sources */ = {isa = PBXBuildFile; fileRef = E8E578F82261DD590093BB7B /* SCFilterManager.m */; };
		E8FC20EB2261EB3800BB1BD9 /* filter_sample.jpg in Resources */ = {isa = PBXBuildFile; fileRef = E8FC20E92261EB3700BB1BD9 /* filter_sample.jpg */; };
		E8FF5A4B22586A090088C1B2 /* AppDelegate.m in Sources */ = {isa = PBXBuildFile; fileRef = E8FF5A4A22586A090088C1B2 /* AppDelegate.m */; };
		E8FF5A5122586A090088C1B2 /* Main.storyboard in Resources */ = {isa = PBXBuildFile; fileRef = E8FF5A4F22586A090088C1B2 /* Main.storyboard */; };
		E8FF5A5322586A090088C1B2 /* Assets.xcassets in Resources */ = {isa = PBXBuildFile; fileRef = E8FF5A5222586A090088C1B2 /* Assets.xcassets */; };
		E8FF5A5622586A090088C1B2 /* LaunchScreen.storyboard in Resources */ = {isa = PBXBuildFile; fileRef = E8FF5A5422586A090088C1B2 /* LaunchScreen.storyboard */; };
		E8FF5A5922586A090088C1B2 /* main.m in Sources */ = {isa = PBXBuildFile; fileRef = E8FF5A5822586A090088C1B2 /* main.m */; };
/* End PBXBuildFile section */

/* Begin PBXFileReference section */
		18622C5B371DAD04180D97FB /* Pods-SimpleCam.release.xcconfig */ = {isa = PBXFileReference; includeInIndex = 1; lastKnownFileType = text.xcconfig; name = "Pods-SimpleCam.release.xcconfig"; path = "Pods/Target Support Files/Pods-SimpleCam/Pods-SimpleCam.release.xcconfig"; sourceTree = "<group>"; };
		191A603F1782103A77B17274 /* libPods-SimpleCam.a */ = {isa = PBXFileReference; explicitFileType = archive.ar; includeInIndex = 0; path = "libPods-SimpleCam.a"; sourceTree = BUILT_PRODUCTS_DIR; };
		70BCE07029C9C80FA29BB356 /* Pods-SimpleCam.debug.xcconfig */ = {isa = PBXFileReference; includeInIndex = 1; lastKnownFileType = text.xcconfig; name = "Pods-SimpleCam.debug.xcconfig"; path = "Pods/Target Support Files/Pods-SimpleCam/Pods-SimpleCam.debug.xcconfig"; sourceTree = "<group>"; };
		E87C109C228C68DA00653DDA /* SCCameraTopView.h */ = {isa = PBXFileReference; lastKnownFileType = sourcecode.c.h; path = SCCameraTopView.h; sourceTree = "<group>"; };
		E87C109D228C68DA00653DDA /* SCCameraTopView.m */ = {isa = PBXFileReference; lastKnownFileType = sourcecode.c.objc; path = SCCameraTopView.m; sourceTree = "<group>"; };
		E87C10A1228FB46E00653DDA /* SCVideoResultViewController.h */ = {isa = PBXFileReference; lastKnownFileType = sourcecode.c.h; path = SCVideoResultViewController.h; sourceTree = "<group>"; };
		E87C10A2228FB46E00653DDA /* SCVideoResultViewController.m */ = {isa = PBXFileReference; lastKnownFileType = sourcecode.c.objc; path = SCVideoResultViewController.m; sourceTree = "<group>"; };
		E87C10A4228FB49F00653DDA /* SCVideoResultViewController+Private.h */ = {isa = PBXFileReference; lastKnownFileType = sourcecode.c.h; path = "SCVideoResultViewController+Private.h"; sourceTree = "<group>"; };
		E87C10A7228FB4DF00653DDA /* SCVideoResultViewController+UI.h */ = {isa = PBXFileReference; lastKnownFileType = sourcecode.c.h; path = "SCVideoResultViewController+UI.h"; sourceTree = "<group>"; };
		E87C10A8228FB4DF00653DDA /* SCVideoResultViewController+UI.m */ = {isa = PBXFileReference; lastKnownFileType = sourcecode.c.objc; path = "SCVideoResultViewController+UI.m"; sourceTree = "<group>"; };
		E87C10AA228FCC6300653DDA /* SCFileHelper.h */ = {isa = PBXFileReference; lastKnownFileType = sourcecode.c.h; path = SCFileHelper.h; sourceTree = "<group>"; };
		E87C10AB228FCC6300653DDA /* SCFileHelper.m */ = {isa = PBXFileReference; lastKnownFileType = sourcecode.c.objc; path = SCFileHelper.m; sourceTree = "<group>"; };
		E87C10AD228FE0E200653DDA /* SCCameraViewController+RecordVideo.h */ = {isa = PBXFileReference; lastKnownFileType = sourcecode.c.h; path = "SCCameraViewController+RecordVideo.h"; sourceTree = "<group>"; };
		E87C10AE228FE0E200653DDA /* SCCameraViewController+RecordVideo.m */ = {isa = PBXFileReference; lastKnownFileType = sourcecode.c.objc; path = "SCCameraViewController+RecordVideo.m"; sourceTree = "<group>"; };
		E87C10B0228FEA7B00653DDA /* SCVideoModel.h */ = {isa = PBXFileReference; lastKnownFileType = sourcecode.c.h; path = SCVideoModel.h; sourceTree = "<group>"; };
		E87C10B1228FEA7B00653DDA /* SCVideoModel.m */ = {isa = PBXFileReference; lastKnownFileType = sourcecode.c.objc; path = SCVideoModel.m; sourceTree = "<group>"; };
		E87C10B32290009A00653DDA /* SCCapturingModeSwitchView.h */ = {isa = PBXFileReference; lastKnownFileType = sourcecode.c.h; path = SCCapturingModeSwitchView.h; sourceTree = "<group>"; };
		E87C10B42290009A00653DDA /* SCCapturingModeSwitchView.m */ = {isa = PBXFileReference; lastKnownFileType = sourcecode.c.objc; path = SCCapturingModeSwitchView.m; sourceTree = "<group>"; };
		E89949EB22A25C8C00FC85C0 /* UIDevice+Extention.h */ = {isa = PBXFileReference; lastKnownFileType = sourcecode.c.h; path = "UIDevice+Extention.h"; sourceTree = "<group>"; };
		E89949EC22A25C8C00FC85C0 /* UIDevice+Extention.m */ = {isa = PBXFileReference; lastKnownFileType = sourcecode.c.objc; path = "UIDevice+Extention.m"; sourceTree = "<group>"; };
		E89949EF22A27E5700FC85C0 /* SCVisualEffectView.h */ = {isa = PBXFileReference; lastKnownFileType = sourcecode.c.h; path = SCVisualEffectView.h; sourceTree = "<group>"; };
		E89949F022A27E5700FC85C0 /* SCVisualEffectView.m */ = {isa = PBXFileReference; lastKnownFileType = sourcecode.c.objc; path = SCVisualEffectView.m; sourceTree = "<group>"; };
		E89949F222A538DD00FC85C0 /* SCCameraVideoTimeLabel.h */ = {isa = PBXFileReference; lastKnownFileType = sourcecode.c.h; path = SCCameraVideoTimeLabel.h; sourceTree = "<group>"; };
		E89949F322A538DD00FC85C0 /* SCCameraVideoTimeLabel.m */ = {isa = PBXFileReference; lastKnownFileType = sourcecode.c.objc; path = SCCameraVideoTimeLabel.m; sourceTree = "<group>"; };
		E89949F522A53BE600FC85C0 /* SCTimeHelper.h */ = {isa = PBXFileReference; lastKnownFileType = sourcecode.c.h; path = SCTimeHelper.h; sourceTree = "<group>"; };
		E89949F622A53BE600FC85C0 /* SCTimeHelper.m */ = {isa = PBXFileReference; lastKnownFileType = sourcecode.c.objc; path = SCTimeHelper.m; sourceTree = "<group>"; };
		E89949FB22A5612100FC85C0 /* SCCameraViewController+Notification.h */ = {isa = PBXFileReference; fileEncoding = 4; lastKnownFileType = sourcecode.c.h; path = "SCCameraViewController+Notification.h"; sourceTree = "<group>"; };
		E89949FC22A5612100FC85C0 /* SCCameraViewController+Notification.m */ = {isa = PBXFileReference; fileEncoding = 4; lastKnownFileType = sourcecode.c.objc; path = "SCCameraViewController+Notification.m"; sourceTree = "<group>"; };
		E8B95C1D22A402FB00F51025 /* UIButton+Extention.h */ = {isa = PBXFileReference; lastKnownFileType = sourcecode.c.h; path = "UIButton+Extention.h"; sourceTree = "<group>"; };
		E8B95C1E22A402FB00F51025 /* UIButton+Extention.m */ = {isa = PBXFileReference; lastKnownFileType = sourcecode.c.objc; path = "UIButton+Extention.m"; sourceTree = "<group>"; };
		E8D18EE722586CEC00ECFB98 /* SCCameraViewController.h */ = {isa = PBXFileReference; lastKnownFileType = sourcecode.c.h; path = SCCameraViewController.h; sourceTree = "<group>"; };
		E8D18EE822586CEC00ECFB98 /* SCCameraViewController.m */ = {isa = PBXFileReference; lastKnownFileType = sourcecode.c.objc; path = SCCameraViewController.m; sourceTree = "<group>"; };
		E8D18EEF225877A600ECFB98 /* SCViewController.h */ = {isa = PBXFileReference; fileEncoding = 4; lastKnownFileType = sourcecode.c.h; path = SCViewController.h; sourceTree = "<group>"; };
		E8D18EF0225877A600ECFB98 /* SCViewController.m */ = {isa = PBXFileReference; fileEncoding = 4; lastKnownFileType = sourcecode.c.objc; path = SCViewController.m; sourceTree = "<group>"; };
		E8D18EF3225879A200ECFB98 /* SCCameraManager.h */ = {isa = PBXFileReference; lastKnownFileType = sourcecode.c.h; path = SCCameraManager.h; sourceTree = "<group>"; };
		E8D18EF4225879A200ECFB98 /* SCCameraManager.m */ = {isa = PBXFileReference; lastKnownFileType = sourcecode.c.objc; path = SCCameraManager.m; sourceTree = "<group>"; };
		E8D18EF62258823200ECFB98 /* SCCapturingButton.h */ = {isa = PBXFileReference; lastKnownFileType = sourcecode.c.h; path = SCCapturingButton.h; sourceTree = "<group>"; };
		E8D18EF72258823200ECFB98 /* SCCapturingButton.m */ = {isa = PBXFileReference; lastKnownFileType = sourcecode.c.objc; path = SCCapturingButton.m; sourceTree = "<group>"; };
		E8D18EF92258874C00ECFB98 /* SCCameraViewController+Private.h */ = {isa = PBXFileReference; lastKnownFileType = sourcecode.c.h; path = "SCCameraViewController+Private.h"; sourceTree = "<group>"; };
		E8D18EFC2258893800ECFB98 /* SCCameraViewController+UI.h */ = {isa = PBXFileReference; lastKnownFileType = sourcecode.c.h; path = "SCCameraViewController+UI.h"; sourceTree = "<group>"; };
		E8D18EFD2258893800ECFB98 /* SCCameraViewController+UI.m */ = {isa = PBXFileReference; lastKnownFileType = sourcecode.c.objc; path = "SCCameraViewController+UI.m"; sourceTree = "<group>"; };
		E8D18EFF225890C900ECFB98 /* SCCameraViewController+TakePhoto.h */ = {isa = PBXFileReference; lastKnownFileType = sourcecode.c.h; path = "SCCameraViewController+TakePhoto.h"; sourceTree = "<group>"; };
		E8D18F00225890C900ECFB98 /* SCCameraViewController+TakePhoto.m */ = {isa = PBXFileReference; lastKnownFileType = sourcecode.c.objc; path = "SCCameraViewController+TakePhoto.m"; sourceTree = "<group>"; };
		E8D18F042258927A00ECFB98 /* SCPhotoResultViewController.h */ = {isa = PBXFileReference; lastKnownFileType = sourcecode.c.h; path = SCPhotoResultViewController.h; sourceTree = "<group>"; };
		E8D18F052258927A00ECFB98 /* SCPhotoResultViewController.m */ = {isa = PBXFileReference; lastKnownFileType = sourcecode.c.objc; path = SCPhotoResultViewController.m; sourceTree = "<group>"; };
		E8D18F072258980E00ECFB98 /* SimpleCam-Prefix.pch */ = {isa = PBXFileReference; lastKnownFileType = sourcecode.c.h; path = "SimpleCam-Prefix.pch"; sourceTree = "<group>"; };
		E8D18F0922589B9000ECFB98 /* EXTScope.h */ = {isa = PBXFileReference; fileEncoding = 4; lastKnownFileType = sourcecode.c.h; path = EXTScope.h; sourceTree = "<group>"; };
		E8D18F0A22589B9000ECFB98 /* metamacros.h */ = {isa = PBXFileReference; fileEncoding = 4; lastKnownFileType = sourcecode.c.h; path = metamacros.h; sourceTree = "<group>"; };
		E8D18F0B2258A11D00ECFB98 /* SCCameraViewController+Filter.h */ = {isa = PBXFileReference; lastKnownFileType = sourcecode.c.h; path = "SCCameraViewController+Filter.h"; sourceTree = "<group>"; };
		E8D18F0C2258A11D00ECFB98 /* SCCameraViewController+Filter.m */ = {isa = PBXFileReference; lastKnownFileType = sourcecode.c.objc; path = "SCCameraViewController+Filter.m"; sourceTree = "<group>"; };
		E8D18F0E2258A31D00ECFB98 /* SCPhotoResultViewController+Private.h */ = {isa = PBXFileReference; lastKnownFileType = sourcecode.c.h; path = "SCPhotoResultViewController+Private.h"; sourceTree = "<group>"; };
		E8D18F112258A3AB00ECFB98 /* SCPhotoResultViewController+UI.h */ = {isa = PBXFileReference; lastKnownFileType = sourcecode.c.h; path = "SCPhotoResultViewController+UI.h"; sourceTree = "<group>"; };
		E8D18F122258A3AB00ECFB98 /* SCPhotoResultViewController+UI.m */ = {isa = PBXFileReference; lastKnownFileType = sourcecode.c.objc; path = "SCPhotoResultViewController+UI.m"; sourceTree = "<group>"; };
		E8D80C2822901A6100CDB060 /* UIView+Extention.h */ = {isa = PBXFileReference; lastKnownFileType = sourcecode.c.h; path = "UIView+Extention.h"; sourceTree = "<group>"; };
		E8D80C2922901A6100CDB060 /* UIView+Extention.m */ = {isa = PBXFileReference; lastKnownFileType = sourcecode.c.objc; path = "UIView+Extention.m"; sourceTree = "<group>"; };
		E8D80C2B22990D3700CDB060 /* SCAssetHelper.h */ = {isa = PBXFileReference; lastKnownFileType = sourcecode.c.h; path = SCAssetHelper.h; sourceTree = "<group>"; };
		E8D80C2C22990D3700CDB060 /* SCAssetHelper.m */ = {isa = PBXFileReference; lastKnownFileType = sourcecode.c.objc; path = SCAssetHelper.m; sourceTree = "<group>"; };
		E8D80C3122992E7000CDB060 /* GPUImageMovieWriter+BugFix.h */ = {isa = PBXFileReference; lastKnownFileType = sourcecode.c.h; path = "GPUImageMovieWriter+BugFix.h"; sourceTree = "<group>"; };
		E8D80C3222992E7000CDB060 /* GPUImageMovieWriter+BugFix.m */ = {isa = PBXFileReference; lastKnownFileType = sourcecode.c.objc; path = "GPUImageMovieWriter+BugFix.m"; sourceTree = "<group>"; };
		E8D80C3422992F2800CDB060 /* SCGPUImageMovieWriter.h */ = {isa = PBXFileReference; lastKnownFileType = sourcecode.c.h; path = SCGPUImageMovieWriter.h; sourceTree = "<group>"; };
		E8D80C3522992F2800CDB060 /* SCGPUImageMovieWriter.m */ = {isa = PBXFileReference; lastKnownFileType = sourcecode.c.objc; path = SCGPUImageMovieWriter.m; sourceTree = "<group>"; };
		E8D80C3822994EF900CDB060 /* GPUImageBeautifyFilter.h */ = {isa = PBXFileReference; fileEncoding = 4; lastKnownFileType = sourcecode.c.h; path = GPUImageBeautifyFilter.h; sourceTree = "<group>"; };
		E8D80C3922994EF900CDB060 /* GPUImageBeautifyFilter.m */ = {isa = PBXFileReference; fileEncoding = 4; lastKnownFileType = sourcecode.c.objc; path = GPUImageBeautifyFilter.m; sourceTree = "<group>"; };
		E8D80C3B22997E1500CDB060 /* SCFilterHandler.h */ = {isa = PBXFileReference; lastKnownFileType = sourcecode.c.h; path = SCFilterHandler.h; sourceTree = "<group>"; };
		E8D80C3C22997E1500CDB060 /* SCFilterHandler.m */ = {isa = PBXFileReference; lastKnownFileType = sourcecode.c.objc; path = SCFilterHandler.m; sourceTree = "<group>"; };
		E8D80C3E22A2ADA700CDB060 /* SCFilterCategoryView.h */ = {isa = PBXFileReference; lastKnownFileType = sourcecode.c.h; path = SCFilterCategoryView.h; sourceTree = "<group>"; };
		E8D80C3F22A2ADA700CDB060 /* SCFilterCategoryView.m */ = {isa = PBXFileReference; lastKnownFileType = sourcecode.c.objc; path = SCFilterCategoryView.m; sourceTree = "<group>"; };
		E8D80C4122A2AF0D00CDB060 /* SCFilterCategoryCell.h */ = {isa = PBXFileReference; lastKnownFileType = sourcecode.c.h; path = SCFilterCategoryCell.h; sourceTree = "<group>"; };
		E8D80C4222A2AF0D00CDB060 /* SCFilterCategoryCell.m */ = {isa = PBXFileReference; lastKnownFileType = sourcecode.c.objc; path = SCFilterCategoryCell.m; sourceTree = "<group>"; };
		E8D80C4422A2B9D500CDB060 /* DefaultFilterMaterials.plist */ = {isa = PBXFileReference; fileEncoding = 4; lastKnownFileType = text.plist.xml; path = DefaultFilterMaterials.plist; sourceTree = "<group>"; };
		E8D80C4622A2BA1300CDB060 /* TikTokFilterMaterials.plist */ = {isa = PBXFileReference; fileEncoding = 4; lastKnownFileType = text.plist.xml; path = TikTokFilterMaterials.plist; sourceTree = "<group>"; };
		E8D80C5622A38C5D00CDB060 /* SCGPUImageBaseFilter.h */ = {isa = PBXFileReference; fileEncoding = 4; lastKnownFileType = sourcecode.c.h; path = SCGPUImageBaseFilter.h; sourceTree = "<group>"; };
		E8D80C5722A38C5D00CDB060 /* SCGPUImageBaseFilter.m */ = {isa = PBXFileReference; fileEncoding = 4; lastKnownFileType = sourcecode.c.objc; path = SCGPUImageBaseFilter.m; sourceTree = "<group>"; };
		E8D80C5922A38C5D00CDB060 /* SCGPUImageScaleFilter.h */ = {isa = PBXFileReference; fileEncoding = 4; lastKnownFileType = sourcecode.c.h; path = SCGPUImageScaleFilter.h; sourceTree = "<group>"; };
		E8D80C5A22A38C5D00CDB060 /* SCGPUImageScaleFilter.m */ = {isa = PBXFileReference; fileEncoding = 4; lastKnownFileType = sourcecode.c.objc; path = SCGPUImageScaleFilter.m; sourceTree = "<group>"; };
		E8D80C5B22A38C5D00CDB060 /* SCGPUImageSoulOutFilter.h */ = {isa = PBXFileReference; fileEncoding = 4; lastKnownFileType = sourcecode.c.h; path = SCGPUImageSoulOutFilter.h; sourceTree = "<group>"; };
		E8D80C5C22A38C5D00CDB060 /* SCGPUImageSoulOutFilter.m */ = {isa = PBXFileReference; fileEncoding = 4; lastKnownFileType = sourcecode.c.objc; path = SCGPUImageSoulOutFilter.m; sourceTree = "<group>"; };
		E8D80C6022A38F2600CDB060 /* SCGPUImageShakeFilter.h */ = {isa = PBXFileReference; lastKnownFileType = sourcecode.c.h; path = SCGPUImageShakeFilter.h; sourceTree = "<group>"; };
		E8D80C6122A38F2600CDB060 /* SCGPUImageShakeFilter.m */ = {isa = PBXFileReference; lastKnownFileType = sourcecode.c.objc; path = SCGPUImageShakeFilter.m; sourceTree = "<group>"; };
		E8D80C6322A391E200CDB060 /* SCGPUImageShineWhiteFilter.h */ = {isa = PBXFileReference; lastKnownFileType = sourcecode.c.h; path = SCGPUImageShineWhiteFilter.h; sourceTree = "<group>"; };
		E8D80C6422A391E200CDB060 /* SCGPUImageShineWhiteFilter.m */ = {isa = PBXFileReference; lastKnownFileType = sourcecode.c.objc; path = SCGPUImageShineWhiteFilter.m; sourceTree = "<group>"; };
		E8D80C6622A397E400CDB060 /* SCGPUImageGlitchFilter.h */ = {isa = PBXFileReference; lastKnownFileType = sourcecode.c.h; path = SCGPUImageGlitchFilter.h; sourceTree = "<group>"; };
		E8D80C6722A397E400CDB060 /* SCGPUImageGlitchFilter.m */ = {isa = PBXFileReference; lastKnownFileType = sourcecode.c.objc; path = SCGPUImageGlitchFilter.m; sourceTree = "<group>"; };
		E8D80C6922A3A1B100CDB060 /* SCGPUImageVertigoFilter.h */ = {isa = PBXFileReference; lastKnownFileType = sourcecode.c.h; path = SCGPUImageVertigoFilter.h; sourceTree = "<group>"; };
		E8D80C6A22A3A1B100CDB060 /* SCGPUImageVertigoFilter.m */ = {isa = PBXFileReference; lastKnownFileType = sourcecode.c.objc; path = SCGPUImageVertigoFilter.m; sourceTree = "<group>"; };
		E8E578DD2261A8890093BB7B /* SCFilterBarView.h */ = {isa = PBXFileReference; lastKnownFileType = sourcecode.c.h; path = SCFilterBarView.h; sourceTree = "<group>"; };
		E8E578DE2261A8890093BB7B /* SCFilterBarView.m */ = {isa = PBXFileReference; lastKnownFileType = sourcecode.c.objc; path = SCFilterBarView.m; sourceTree = "<group>"; };
		E8E578E02261B5440093BB7B /* Common.h */ = {isa = PBXFileReference; lastKnownFileType = sourcecode.c.h; path = Common.h; sourceTree = "<group>"; };
		E8E578E12261B9570093BB7B /* SCFilterMaterialView.h */ = {isa = PBXFileReference; lastKnownFileType = sourcecode.c.h; path = SCFilterMaterialView.h; sourceTree = "<group>"; };
		E8E578E22261B9570093BB7B /* SCFilterMaterialView.m */ = {isa = PBXFileReference; lastKnownFileType = sourcecode.c.objc; path = SCFilterMaterialView.m; sourceTree = "<group>"; };
		E8E578E42261BA7B0093BB7B /* SCFilterMaterialViewCell.h */ = {isa = PBXFileReference; lastKnownFileType = sourcecode.c.h; path = SCFilterMaterialViewCell.h; sourceTree = "<group>"; };
		E8E578E52261BA7B0093BB7B /* SCFilterMaterialViewCell.m */ = {isa = PBXFileReference; lastKnownFileType = sourcecode.c.objc; path = SCFilterMaterialViewCell.m; sourceTree = "<group>"; };
		E8E578E72261BB3F0093BB7B /* SCFilterMaterialModel.h */ = {isa = PBXFileReference; lastKnownFileType = sourcecode.c.h; path = SCFilterMaterialModel.h; sourceTree = "<group>"; };
		E8E578E82261BB3F0093BB7B /* SCFilterMaterialModel.m */ = {isa = PBXFileReference; lastKnownFileType = sourcecode.c.objc; path = SCFilterMaterialModel.m; sourceTree = "<group>"; };
		E8E578EE2261D2FB0093BB7B /* SCFilterHelper.h */ = {isa = PBXFileReference; lastKnownFileType = sourcecode.c.h; path = SCFilterHelper.h; sourceTree = "<group>"; };
		E8E578EF2261D2FB0093BB7B /* SCFilterHelper.m */ = {isa = PBXFileReference; lastKnownFileType = sourcecode.c.objc; path = SCFilterHelper.m; sourceTree = "<group>"; };
		E8E578F72261DD590093BB7B /* SCFilterManager.h */ = {isa = PBXFileReference; lastKnownFileType = sourcecode.c.h; path = SCFilterManager.h; sourceTree = "<group>"; };
		E8E578F82261DD590093BB7B /* SCFilterManager.m */ = {isa = PBXFileReference; lastKnownFileType = sourcecode.c.objc; path = SCFilterManager.m; sourceTree = "<group>"; };
		E8FC20E92261EB3700BB1BD9 /* filter_sample.jpg */ = {isa = PBXFileReference; lastKnownFileType = image.jpeg; path = filter_sample.jpg; sourceTree = "<group>"; };
		E8FF5A4622586A090088C1B2 /* SimpleCam.app */ = {isa = PBXFileReference; explicitFileType = wrapper.application; includeInIndex = 0; path = SimpleCam.app; sourceTree = BUILT_PRODUCTS_DIR; };
		E8FF5A4922586A090088C1B2 /* AppDelegate.h */ = {isa = PBXFileReference; lastKnownFileType = sourcecode.c.h; path = AppDelegate.h; sourceTree = "<group>"; };
		E8FF5A4A22586A090088C1B2 /* AppDelegate.m */ = {isa = PBXFileReference; lastKnownFileType = sourcecode.c.objc; path = AppDelegate.m; sourceTree = "<group>"; };
		E8FF5A5022586A090088C1B2 /* Base */ = {isa = PBXFileReference; lastKnownFileType = file.storyboard; name = Base; path = Base.lproj/Main.storyboard; sourceTree = "<group>"; };
		E8FF5A5222586A090088C1B2 /* Assets.xcassets */ = {isa = PBXFileReference; lastKnownFileType = folder.assetcatalog; path = Assets.xcassets; sourceTree = "<group>"; };
		E8FF5A5522586A090088C1B2 /* Base */ = {isa = PBXFileReference; lastKnownFileType = file.storyboard; name = Base; path = Base.lproj/LaunchScreen.storyboard; sourceTree = "<group>"; };
		E8FF5A5722586A090088C1B2 /* Info.plist */ = {isa = PBXFileReference; lastKnownFileType = text.plist.xml; path = Info.plist; sourceTree = "<group>"; };
		E8FF5A5822586A090088C1B2 /* main.m */ = {isa = PBXFileReference; lastKnownFileType = sourcecode.c.objc; path = main.m; sourceTree = "<group>"; };
/* End PBXFileReference section */

/* Begin PBXFrameworksBuildPhase section */
		E8FF5A4322586A090088C1B2 /* Frameworks */ = {
			isa = PBXFrameworksBuildPhase;
			buildActionMask = 2147483647;
			files = (
				23196AFDEBC99FC481EB50DE /* libPods-SimpleCam.a in Frameworks */,
			);
			runOnlyForDeploymentPostprocessing = 0;
		};
/* End PBXFrameworksBuildPhase section */

/* Begin PBXGroup section */
		1D126C5FDA277328199720A8 /* Frameworks */ = {
			isa = PBXGroup;
			children = (
				191A603F1782103A77B17274 /* libPods-SimpleCam.a */,
			);
			name = Frameworks;
			sourceTree = "<group>";
		};
		90A037665DA0A7DBC57C8190 /* Pods */ = {
			isa = PBXGroup;
			children = (
				70BCE07029C9C80FA29BB356 /* Pods-SimpleCam.debug.xcconfig */,
				18622C5B371DAD04180D97FB /* Pods-SimpleCam.release.xcconfig */,
			);
			name = Pods;
			sourceTree = "<group>";
		};
		E87C109F228FB42500653DDA /* VideoResult */ = {
			isa = PBXGroup;
			children = (
				E87C10A0228FB42500653DDA /* ViewController */,
			);
			path = VideoResult;
			sourceTree = "<group>";
		};
		E87C10A0228FB42500653DDA /* ViewController */ = {
			isa = PBXGroup;
			children = (
				E87C10A1228FB46E00653DDA /* SCVideoResultViewController.h */,
				E87C10A2228FB46E00653DDA /* SCVideoResultViewController.m */,
				E87C10A4228FB49F00653DDA /* SCVideoResultViewController+Private.h */,
				E87C10A7228FB4DF00653DDA /* SCVideoResultViewController+UI.h */,
				E87C10A8228FB4DF00653DDA /* SCVideoResultViewController+UI.m */,
			);
			path = ViewController;
			sourceTree = "<group>";
		};
		E89949EE22A27E2A00FC85C0 /* View */ = {
			isa = PBXGroup;
			children = (
				E89949EF22A27E5700FC85C0 /* SCVisualEffectView.h */,
				E89949F022A27E5700FC85C0 /* SCVisualEffectView.m */,
			);
			name = View;
			path = SimpleCam/Common/View;
			sourceTree = SOURCE_ROOT;
		};
		E8D18EE322586BD600ECFB98 /* Support */ = {
			isa = PBXGroup;
			children = (
				E8FF5A4922586A090088C1B2 /* AppDelegate.h */,
				E8FF5A4A22586A090088C1B2 /* AppDelegate.m */,
				E8D18F072258980E00ECFB98 /* SimpleCam-Prefix.pch */,
				E8FF5A5422586A090088C1B2 /* LaunchScreen.storyboard */,
			);
			path = Support;
			sourceTree = "<group>";
		};
		E8D18EE422586BD600ECFB98 /* Camera */ = {
			isa = PBXGroup;
			children = (
				E8D18EF22258798300ECFB98 /* Model */,
				E8D18EE622586C5C00ECFB98 /* View */,
				E8D18EE522586C5C00ECFB98 /* ViewController */,
			);
			path = Camera;
			sourceTree = "<group>";
		};
		E8D18EE522586C5C00ECFB98 /* ViewController */ = {
			isa = PBXGroup;
			children = (
				E8D18EE722586CEC00ECFB98 /* SCCameraViewController.h */,
				E8D18EE822586CEC00ECFB98 /* SCCameraViewController.m */,
				E8D18EF92258874C00ECFB98 /* SCCameraViewController+Private.h */,
				E8D18EFC2258893800ECFB98 /* SCCameraViewController+UI.h */,
				E8D18EFD2258893800ECFB98 /* SCCameraViewController+UI.m */,
				E8D18EFF225890C900ECFB98 /* SCCameraViewController+TakePhoto.h */,
				E8D18F00225890C900ECFB98 /* SCCameraViewController+TakePhoto.m */,
				E87C10AD228FE0E200653DDA /* SCCameraViewController+RecordVideo.h */,
				E87C10AE228FE0E200653DDA /* SCCameraViewController+RecordVideo.m */,
				E8D18F0B2258A11D00ECFB98 /* SCCameraViewController+Filter.h */,
				E8D18F0C2258A11D00ECFB98 /* SCCameraViewController+Filter.m */,
				E89949FB22A5612100FC85C0 /* SCCameraViewController+Notification.h */,
				E89949FC22A5612100FC85C0 /* SCCameraViewController+Notification.m */,
			);
			path = ViewController;
			sourceTree = "<group>";
		};
		E8D18EE622586C5C00ECFB98 /* View */ = {
			isa = PBXGroup;
			children = (
				E8D18EF62258823200ECFB98 /* SCCapturingButton.h */,
				E8D18EF72258823200ECFB98 /* SCCapturingButton.m */,
				E8E578DD2261A8890093BB7B /* SCFilterBarView.h */,
				E8E578DE2261A8890093BB7B /* SCFilterBarView.m */,
				E8E578E12261B9570093BB7B /* SCFilterMaterialView.h */,
				E8E578E22261B9570093BB7B /* SCFilterMaterialView.m */,
				E8E578E42261BA7B0093BB7B /* SCFilterMaterialViewCell.h */,
				E8E578E52261BA7B0093BB7B /* SCFilterMaterialViewCell.m */,
				E87C109C228C68DA00653DDA /* SCCameraTopView.h */,
				E87C109D228C68DA00653DDA /* SCCameraTopView.m */,
				E87C10B32290009A00653DDA /* SCCapturingModeSwitchView.h */,
				E87C10B42290009A00653DDA /* SCCapturingModeSwitchView.m */,
				E8D80C3E22A2ADA700CDB060 /* SCFilterCategoryView.h */,
				E8D80C3F22A2ADA700CDB060 /* SCFilterCategoryView.m */,
				E8D80C4122A2AF0D00CDB060 /* SCFilterCategoryCell.h */,
				E8D80C4222A2AF0D00CDB060 /* SCFilterCategoryCell.m */,
				E89949F222A538DD00FC85C0 /* SCCameraVideoTimeLabel.h */,
				E89949F322A538DD00FC85C0 /* SCCameraVideoTimeLabel.m */,
			);
			path = View;
			sourceTree = "<group>";
		};
		E8D18EEA2258775A00ECFB98 /* Common */ = {
			isa = PBXGroup;
			children = (
				E8D80C2722901A2300CDB060 /* Category */,
				E8E578ED2261D2EB0093BB7B /* Utils */,
				E8D18F0822589B9000ECFB98 /* Define */,
				E89949EE22A27E2A00FC85C0 /* View */,
				E8D18EEE225877A600ECFB98 /* ViewController */,
			);
			path = Common;
			sourceTree = "<group>";
		};
		E8D18EEE225877A600ECFB98 /* ViewController */ = {
			isa = PBXGroup;
			children = (
				E8D18EEF225877A600ECFB98 /* SCViewController.h */,
				E8D18EF0225877A600ECFB98 /* SCViewController.m */,
			);
			path = ViewController;
			sourceTree = "<group>";
		};
		E8D18EF22258798300ECFB98 /* Model */ = {
			isa = PBXGroup;
			children = (
				E8D80C3422992F2800CDB060 /* SCGPUImageMovieWriter.h */,
				E8D80C3522992F2800CDB060 /* SCGPUImageMovieWriter.m */,
				E8D18EF3225879A200ECFB98 /* SCCameraManager.h */,
				E8D18EF4225879A200ECFB98 /* SCCameraManager.m */,
				E8E578E72261BB3F0093BB7B /* SCFilterMaterialModel.h */,
				E8E578E82261BB3F0093BB7B /* SCFilterMaterialModel.m */,
				E87C10B0228FEA7B00653DDA /* SCVideoModel.h */,
				E87C10B1228FEA7B00653DDA /* SCVideoModel.m */,
				E8E578F72261DD590093BB7B /* SCFilterManager.h */,
				E8E578F82261DD590093BB7B /* SCFilterManager.m */,
				E8D80C3B22997E1500CDB060 /* SCFilterHandler.h */,
				E8D80C3C22997E1500CDB060 /* SCFilterHandler.m */,
			);
			path = Model;
			sourceTree = "<group>";
		};
		E8D18F022258925300ECFB98 /* PhotoResult */ = {
			isa = PBXGroup;
			children = (
				E8D18F032258925300ECFB98 /* ViewController */,
			);
			path = PhotoResult;
			sourceTree = "<group>";
		};
		E8D18F032258925300ECFB98 /* ViewController */ = {
			isa = PBXGroup;
			children = (
				E8D18F042258927A00ECFB98 /* SCPhotoResultViewController.h */,
				E8D18F052258927A00ECFB98 /* SCPhotoResultViewController.m */,
				E8D18F0E2258A31D00ECFB98 /* SCPhotoResultViewController+Private.h */,
				E8D18F112258A3AB00ECFB98 /* SCPhotoResultViewController+UI.h */,
				E8D18F122258A3AB00ECFB98 /* SCPhotoResultViewController+UI.m */,
			);
			path = ViewController;
			sourceTree = "<group>";
		};
		E8D18F0822589B9000ECFB98 /* Define */ = {
			isa = PBXGroup;
			children = (
				E8D18F0922589B9000ECFB98 /* EXTScope.h */,
				E8D18F0A22589B9000ECFB98 /* metamacros.h */,
				E8E578E02261B5440093BB7B /* Common.h */,
			);
			path = Define;
			sourceTree = "<group>";
		};
		E8D80C2722901A2300CDB060 /* Category */ = {
			isa = PBXGroup;
			children = (
				E8D80C2822901A6100CDB060 /* UIView+Extention.h */,
				E8D80C2922901A6100CDB060 /* UIView+Extention.m */,
				E89949EB22A25C8C00FC85C0 /* UIDevice+Extention.h */,
				E89949EC22A25C8C00FC85C0 /* UIDevice+Extention.m */,
				E8B95C1D22A402FB00F51025 /* UIButton+Extention.h */,
				E8B95C1E22A402FB00F51025 /* UIButton+Extention.m */,
				E8D80C3122992E7000CDB060 /* GPUImageMovieWriter+BugFix.h */,
				E8D80C3222992E7000CDB060 /* GPUImageMovieWriter+BugFix.m */,
			);
			path = Category;
			sourceTree = "<group>";
		};
		E8D80C3722994EF900CDB060 /* ThirdParty */ = {
			isa = PBXGroup;
			children = (
				E8D80C3822994EF900CDB060 /* GPUImageBeautifyFilter.h */,
				E8D80C3922994EF900CDB060 /* GPUImageBeautifyFilter.m */,
			);
			path = ThirdParty;
			sourceTree = "<group>";
		};
		E8D80C4822A2BDD700CDB060 /* Filter */ = {
			isa = PBXGroup;
			children = (
				E8D80C5522A38C5D00CDB060 /* Base */,
				E8D80C5822A38C5D00CDB060 /* TikTok */,
			);
			path = Filter;
			sourceTree = "<group>";
		};
		E8D80C5522A38C5D00CDB060 /* Base */ = {
			isa = PBXGroup;
			children = (
				E8D80C5622A38C5D00CDB060 /* SCGPUImageBaseFilter.h */,
				E8D80C5722A38C5D00CDB060 /* SCGPUImageBaseFilter.m */,
			);
			path = Base;
			sourceTree = "<group>";
		};
		E8D80C5822A38C5D00CDB060 /* TikTok */ = {
			isa = PBXGroup;
			children = (
				E8D80C5922A38C5D00CDB060 /* SCGPUImageScaleFilter.h */,
				E8D80C5A22A38C5D00CDB060 /* SCGPUImageScaleFilter.m */,
				E8D80C5B22A38C5D00CDB060 /* SCGPUImageSoulOutFilter.h */,
				E8D80C5C22A38C5D00CDB060 /* SCGPUImageSoulOutFilter.m */,
				E8D80C6022A38F2600CDB060 /* SCGPUImageShakeFilter.h */,
				E8D80C6122A38F2600CDB060 /* SCGPUImageShakeFilter.m */,
				E8D80C6322A391E200CDB060 /* SCGPUImageShineWhiteFilter.h */,
				E8D80C6422A391E200CDB060 /* SCGPUImageShineWhiteFilter.m */,
				E8D80C6622A397E400CDB060 /* SCGPUImageGlitchFilter.h */,
				E8D80C6722A397E400CDB060 /* SCGPUImageGlitchFilter.m */,
				E8D80C6922A3A1B100CDB060 /* SCGPUImageVertigoFilter.h */,
				E8D80C6A22A3A1B100CDB060 /* SCGPUImageVertigoFilter.m */,
			);
			path = TikTok;
			sourceTree = "<group>";
		};
		E8E578ED2261D2EB0093BB7B /* Utils */ = {
			isa = PBXGroup;
			children = (
				E8E578EE2261D2FB0093BB7B /* SCFilterHelper.h */,
				E8E578EF2261D2FB0093BB7B /* SCFilterHelper.m */,
				E87C10AA228FCC6300653DDA /* SCFileHelper.h */,
				E87C10AB228FCC6300653DDA /* SCFileHelper.m */,
				E8D80C2B22990D3700CDB060 /* SCAssetHelper.h */,
				E8D80C2C22990D3700CDB060 /* SCAssetHelper.m */,
				E89949F522A53BE600FC85C0 /* SCTimeHelper.h */,
				E89949F622A53BE600FC85C0 /* SCTimeHelper.m */,
			);
			path = Utils;
			sourceTree = "<group>";
		};
		E8FC20E72261EB3700BB1BD9 /* Resource */ = {
			isa = PBXGroup;
			children = (
				E8FC20E82261EB3700BB1BD9 /* Image */,
				E8FC20EA2261EB3700BB1BD9 /* Plist */,
			);
			path = Resource;
			sourceTree = "<group>";
		};
		E8FC20E82261EB3700BB1BD9 /* Image */ = {
			isa = PBXGroup;
			children = (
				E8FC20E92261EB3700BB1BD9 /* filter_sample.jpg */,
			);
			path = Image;
			sourceTree = "<group>";
		};
		E8FC20EA2261EB3700BB1BD9 /* Plist */ = {
			isa = PBXGroup;
			children = (
				E8D80C4422A2B9D500CDB060 /* DefaultFilterMaterials.plist */,
				E8D80C4622A2BA1300CDB060 /* TikTokFilterMaterials.plist */,
			);
			path = Plist;
			sourceTree = "<group>";
		};
		E8FF5A3D22586A090088C1B2 = {
			isa = PBXGroup;
			children = (
				E8FF5A4822586A090088C1B2 /* SimpleCam */,
				E8FF5A4722586A090088C1B2 /* Products */,
				90A037665DA0A7DBC57C8190 /* Pods */,
				1D126C5FDA277328199720A8 /* Frameworks */,
			);
			sourceTree = "<group>";
		};
		E8FF5A4722586A090088C1B2 /* Products */ = {
			isa = PBXGroup;
			children = (
				E8FF5A4622586A090088C1B2 /* SimpleCam.app */,
			);
			name = Products;
			sourceTree = "<group>";
		};
		E8FF5A4822586A090088C1B2 /* SimpleCam */ = {
			isa = PBXGroup;
			children = (
				E8D80C3722994EF900CDB060 /* ThirdParty */,
				E8D18EEA2258775A00ECFB98 /* Common */,
				E8D80C4822A2BDD700CDB060 /* Filter */,
				E8D18EE422586BD600ECFB98 /* Camera */,
				E8D18F022258925300ECFB98 /* PhotoResult */,
				E87C109F228FB42500653DDA /* VideoResult */,
				E8D18EE322586BD600ECFB98 /* Support */,
				E8FC20E72261EB3700BB1BD9 /* Resource */,
				E8FF5A4F22586A090088C1B2 /* Main.storyboard */,
				E8FF5A5222586A090088C1B2 /* Assets.xcassets */,
				E8FF5A5722586A090088C1B2 /* Info.plist */,
				E8FF5A5822586A090088C1B2 /* main.m */,
			);
			path = SimpleCam;
			sourceTree = "<group>";
		};
/* End PBXGroup section */

/* Begin PBXNativeTarget section */
		E8FF5A4522586A090088C1B2 /* SimpleCam */ = {
			isa = PBXNativeTarget;
			buildConfigurationList = E8FF5A5C22586A090088C1B2 /* Build configuration list for PBXNativeTarget "SimpleCam" */;
			buildPhases = (
				0174E3E19026E14DEDA5A204 /* [CP] Check Pods Manifest.lock */,
				E8FF5A4222586A090088C1B2 /* Sources */,
				E8FF5A4322586A090088C1B2 /* Frameworks */,
				E8FF5A4422586A090088C1B2 /* Resources */,
				FE44D2353259CBB342B318CB /* [CP] Copy Pods Resources */,
			);
			buildRules = (
			);
			dependencies = (
			);
			name = SimpleCam;
			productName = SimpleCam;
			productReference = E8FF5A4622586A090088C1B2 /* SimpleCam.app */;
			productType = "com.apple.product-type.application";
		};
/* End PBXNativeTarget section */

/* Begin PBXProject section */
		E8FF5A3E22586A090088C1B2 /* Project object */ = {
			isa = PBXProject;
			attributes = {
				LastUpgradeCheck = 0900;
				ORGANIZATIONNAME = "Lyman Li";
				TargetAttributes = {
					E8FF5A4522586A090088C1B2 = {
						CreatedOnToolsVersion = 9.0.1;
						ProvisioningStyle = Automatic;
					};
				};
			};
			buildConfigurationList = E8FF5A4122586A090088C1B2 /* Build configuration list for PBXProject "SimpleCam" */;
			compatibilityVersion = "Xcode 8.0";
			developmentRegion = en;
			hasScannedForEncodings = 0;
			knownRegions = (
				en,
				Base,
			);
			mainGroup = E8FF5A3D22586A090088C1B2;
			productRefGroup = E8FF5A4722586A090088C1B2 /* Products */;
			projectDirPath = "";
			projectRoot = "";
			targets = (
				E8FF5A4522586A090088C1B2 /* SimpleCam */,
			);
		};
/* End PBXProject section */

/* Begin PBXResourcesBuildPhase section */
		E8FF5A4422586A090088C1B2 /* Resources */ = {
			isa = PBXResourcesBuildPhase;
			buildActionMask = 2147483647;
			files = (
				E8FF5A5622586A090088C1B2 /* LaunchScreen.storyboard in Resources */,
				E8D80C4722A2BA1300CDB060 /* TikTokFilterMaterials.plist in Resources */,
				E8FF5A5322586A090088C1B2 /* Assets.xcassets in Resources */,
				E8D80C4522A2B9D600CDB060 /* DefaultFilterMaterials.plist in Resources */,
				E8FF5A5122586A090088C1B2 /* Main.storyboard in Resources */,
				E8FC20EB2261EB3800BB1BD9 /* filter_sample.jpg in Resources */,
			);
			runOnlyForDeploymentPostprocessing = 0;
		};
/* End PBXResourcesBuildPhase section */

/* Begin PBXShellScriptBuildPhase section */
		0174E3E19026E14DEDA5A204 /* [CP] Check Pods Manifest.lock */ = {
			isa = PBXShellScriptBuildPhase;
			buildActionMask = 2147483647;
			files = (
			);
			inputPaths = (
				"${PODS_PODFILE_DIR_PATH}/Podfile.lock",
				"${PODS_ROOT}/Manifest.lock",
			);
			name = "[CP] Check Pods Manifest.lock";
			outputPaths = (
				"$(DERIVED_FILE_DIR)/Pods-SimpleCam-checkManifestLockResult.txt",
			);
			runOnlyForDeploymentPostprocessing = 0;
			shellPath = /bin/sh;
			shellScript = "diff \"${PODS_PODFILE_DIR_PATH}/Podfile.lock\" \"${PODS_ROOT}/Manifest.lock\" > /dev/null\nif [ $? != 0 ] ; then\n    # print error to STDERR\n    echo \"error: The sandbox is not in sync with the Podfile.lock. Run 'pod install' or update your CocoaPods installation.\" >&2\n    exit 1\nfi\n# This output is used by Xcode 'outputs' to avoid re-running this script phase.\necho \"SUCCESS\" > \"${SCRIPT_OUTPUT_FILE_0}\"\n";
			showEnvVarsInLog = 0;
		};
		FE44D2353259CBB342B318CB /* [CP] Copy Pods Resources */ = {
			isa = PBXShellScriptBuildPhase;
			buildActionMask = 2147483647;
			files = (
			);
			inputPaths = (
				"${SRCROOT}/Pods/Target Support Files/Pods-SimpleCam/Pods-SimpleCam-resources.sh",
				"${PODS_ROOT}/GPUImage/framework/Resources/lookup.png",
				"${PODS_ROOT}/GPUImage/framework/Resources/lookup_amatorka.png",
				"${PODS_ROOT}/GPUImage/framework/Resources/lookup_miss_etikate.png",
				"${PODS_ROOT}/GPUImage/framework/Resources/lookup_soft_elegance_1.png",
				"${PODS_ROOT}/GPUImage/framework/Resources/lookup_soft_elegance_2.png",
			);
			name = "[CP] Copy Pods Resources";
			outputPaths = (
				"${TARGET_BUILD_DIR}/${UNLOCALIZED_RESOURCES_FOLDER_PATH}/lookup.png",
				"${TARGET_BUILD_DIR}/${UNLOCALIZED_RESOURCES_FOLDER_PATH}/lookup_amatorka.png",
				"${TARGET_BUILD_DIR}/${UNLOCALIZED_RESOURCES_FOLDER_PATH}/lookup_miss_etikate.png",
				"${TARGET_BUILD_DIR}/${UNLOCALIZED_RESOURCES_FOLDER_PATH}/lookup_soft_elegance_1.png",
				"${TARGET_BUILD_DIR}/${UNLOCALIZED_RESOURCES_FOLDER_PATH}/lookup_soft_elegance_2.png",
			);
			runOnlyForDeploymentPostprocessing = 0;
			shellPath = /bin/sh;
			shellScript = "\"${SRCROOT}/Pods/Target Support Files/Pods-SimpleCam/Pods-SimpleCam-resources.sh\"\n";
			showEnvVarsInLog = 0;
		};
/* End PBXShellScriptBuildPhase section */

/* Begin PBXSourcesBuildPhase section */
		E8FF5A4222586A090088C1B2 /* Sources */ = {
			isa = PBXSourcesBuildPhase;
			buildActionMask = 2147483647;
			files = (
				E87C10AF228FE0E200653DDA /* SCCameraViewController+RecordVideo.m in Sources */,
				E8D80C6822A397E400CDB060 /* SCGPUImageGlitchFilter.m in Sources */,
				E8D80C6B22A3A1B100CDB060 /* SCGPUImageVertigoFilter.m in Sources */,
				E8D80C6222A38F2600CDB060 /* SCGPUImageShakeFilter.m in Sources */,
				E89949F122A27E5700FC85C0 /* SCVisualEffectView.m in Sources */,
				E8E578E32261B9580093BB7B /* SCFilterMaterialView.m in Sources */,
				E8D80C4022A2ADA700CDB060 /* SCFilterCategoryView.m in Sources */,
				E8E578DF2261A8890093BB7B /* SCFilterBarView.m in Sources */,
				E87C10B52290009A00653DDA /* SCCapturingModeSwitchView.m in Sources */,
				E8D80C5D22A38C5D00CDB060 /* SCGPUImageBaseFilter.m in Sources */,
				E8D80C3A22994EF900CDB060 /* GPUImageBeautifyFilter.m in Sources */,
				E8D80C3622992F2800CDB060 /* SCGPUImageMovieWriter.m in Sources */,
				E8D80C5E22A38C5D00CDB060 /* SCGPUImageScaleFilter.m in Sources */,
				E8D80C3D22997E1500CDB060 /* SCFilterHandler.m in Sources */,
				E8D18EE922586CEC00ECFB98 /* SCCameraViewController.m in Sources */,
				E8D18EF5225879A200ECFB98 /* SCCameraManager.m in Sources */,
				E8FF5A5922586A090088C1B2 /* main.m in Sources */,
				E87C10A3228FB46E00653DDA /* SCVideoResultViewController.m in Sources */,
				E89949F722A53BE600FC85C0 /* SCTimeHelper.m in Sources */,
				E8E578E92261BB3F0093BB7B /* SCFilterMaterialModel.m in Sources */,
				E8E578E62261BA7B0093BB7B /* SCFilterMaterialViewCell.m in Sources */,
				E8D80C2A22901A6100CDB060 /* UIView+Extention.m in Sources */,
				E87C10AC228FCC6300653DDA /* SCFileHelper.m in Sources */,
				E8B95C1F22A402FB00F51025 /* UIButton+Extention.m in Sources */,
				E8E578F02261D2FB0093BB7B /* SCFilterHelper.m in Sources */,
				E8D18F132258A3AB00ECFB98 /* SCPhotoResultViewController+UI.m in Sources */,
				E8D18EF1225877A600ECFB98 /* SCViewController.m in Sources */,
				E8D18EFE2258893800ECFB98 /* SCCameraViewController+UI.m in Sources */,
				E8FF5A4B22586A090088C1B2 /* AppDelegate.m in Sources */,
				E89949FD22A5612100FC85C0 /* SCCameraViewController+Notification.m in Sources */,
				E8D18F01225890C900ECFB98 /* SCCameraViewController+TakePhoto.m in Sources */,
				E8D18F062258927A00ECFB98 /* SCPhotoResultViewController.m in Sources */,
				E8D18F0D2258A11D00ECFB98 /* SCCameraViewController+Filter.m in Sources */,
				E8D80C2D22990D3700CDB060 /* SCAssetHelper.m in Sources */,
				E8D80C3322992E7000CDB060 /* GPUImageMovieWriter+BugFix.m in Sources */,
				E8D80C5F22A38C5D00CDB060 /* SCGPUImageSoulOutFilter.m in Sources */,
				E8D18EF82258823200ECFB98 /* SCCapturingButton.m in Sources */,
				E89949ED22A25C8C00FC85C0 /* UIDevice+Extention.m in Sources */,
				E8D80C4322A2AF0D00CDB060 /* SCFilterCategoryCell.m in Sources */,
				E8D80C6522A391E200CDB060 /* SCGPUImageShineWhiteFilter.m in Sources */,
				E8E578F92261DD590093BB7B /* SCFilterManager.m in Sources */,
				E89949F422A538DD00FC85C0 /* SCCameraVideoTimeLabel.m in Sources */,
				E87C10A9228FB4DF00653DDA /* SCVideoResultViewController+UI.m in Sources */,
				E87C109E228C68DA00653DDA /* SCCameraTopView.m in Sources */,
				E87C10B2228FEA7B00653DDA /* SCVideoModel.m in Sources */,
			);
			runOnlyForDeploymentPostprocessing = 0;
		};
/* End PBXSourcesBuildPhase section */

/* Begin PBXVariantGroup section */
		E8FF5A4F22586A090088C1B2 /* Main.storyboard */ = {
			isa = PBXVariantGroup;
			children = (
				E8FF5A5022586A090088C1B2 /* Base */,
			);
			name = Main.storyboard;
			sourceTree = "<group>";
		};
		E8FF5A5422586A090088C1B2 /* LaunchScreen.storyboard */ = {
			isa = PBXVariantGroup;
			children = (
				E8FF5A5522586A090088C1B2 /* Base */,
			);
			name = LaunchScreen.storyboard;
			sourceTree = "<group>";
		};
/* End PBXVariantGroup section */

/* Begin XCBuildConfiguration section */
		E8FF5A5A22586A090088C1B2 /* Debug */ = {
			isa = XCBuildConfiguration;
			buildSettings = {
				ALWAYS_SEARCH_USER_PATHS = NO;
				CLANG_ANALYZER_NONNULL = YES;
				CLANG_ANALYZER_NUMBER_OBJECT_CONVERSION = YES_AGGRESSIVE;
				CLANG_CXX_LANGUAGE_STANDARD = "gnu++14";
				CLANG_CXX_LIBRARY = "libc++";
				CLANG_ENABLE_MODULES = YES;
				CLANG_ENABLE_OBJC_ARC = YES;
				CLANG_WARN_BLOCK_CAPTURE_AUTORELEASING = YES;
				CLANG_WARN_BOOL_CONVERSION = YES;
				CLANG_WARN_COMMA = YES;
				CLANG_WARN_CONSTANT_CONVERSION = YES;
				CLANG_WARN_DIRECT_OBJC_ISA_USAGE = YES_ERROR;
				CLANG_WARN_DOCUMENTATION_COMMENTS = YES;
				CLANG_WARN_EMPTY_BODY = YES;
				CLANG_WARN_ENUM_CONVERSION = YES;
				CLANG_WARN_INFINITE_RECURSION = YES;
				CLANG_WARN_INT_CONVERSION = YES;
				CLANG_WARN_NON_LITERAL_NULL_CONVERSION = YES;
				CLANG_WARN_OBJC_LITERAL_CONVERSION = YES;
				CLANG_WARN_OBJC_ROOT_CLASS = YES_ERROR;
				CLANG_WARN_RANGE_LOOP_ANALYSIS = YES;
				CLANG_WARN_STRICT_PROTOTYPES = YES;
				CLANG_WARN_SUSPICIOUS_MOVE = YES;
				CLANG_WARN_UNGUARDED_AVAILABILITY = YES_AGGRESSIVE;
				CLANG_WARN_UNREACHABLE_CODE = YES;
				CLANG_WARN__DUPLICATE_METHOD_MATCH = YES;
				CODE_SIGN_IDENTITY = "iPhone Developer";
				COPY_PHASE_STRIP = NO;
				DEBUG_INFORMATION_FORMAT = dwarf;
				ENABLE_STRICT_OBJC_MSGSEND = YES;
				ENABLE_TESTABILITY = YES;
				GCC_C_LANGUAGE_STANDARD = gnu11;
				GCC_DYNAMIC_NO_PIC = NO;
				GCC_NO_COMMON_BLOCKS = YES;
				GCC_OPTIMIZATION_LEVEL = 0;
				GCC_PREPROCESSOR_DEFINITIONS = (
					"DEBUG=1",
					"$(inherited)",
				);
				GCC_WARN_64_TO_32_BIT_CONVERSION = YES;
				GCC_WARN_ABOUT_RETURN_TYPE = YES_ERROR;
				GCC_WARN_UNDECLARED_SELECTOR = YES;
				GCC_WARN_UNINITIALIZED_AUTOS = YES_AGGRESSIVE;
				GCC_WARN_UNUSED_FUNCTION = YES;
				GCC_WARN_UNUSED_VARIABLE = YES;
				IPHONEOS_DEPLOYMENT_TARGET = 11.0;
				MTL_ENABLE_DEBUG_INFO = YES;
				ONLY_ACTIVE_ARCH = YES;
				SDKROOT = iphoneos;
			};
			name = Debug;
		};
		E8FF5A5B22586A090088C1B2 /* Release */ = {
			isa = XCBuildConfiguration;
			buildSettings = {
				ALWAYS_SEARCH_USER_PATHS = NO;
				CLANG_ANALYZER_NONNULL = YES;
				CLANG_ANALYZER_NUMBER_OBJECT_CONVERSION = YES_AGGRESSIVE;
				CLANG_CXX_LANGUAGE_STANDARD = "gnu++14";
				CLANG_CXX_LIBRARY = "libc++";
				CLANG_ENABLE_MODULES = YES;
				CLANG_ENABLE_OBJC_ARC = YES;
				CLANG_WARN_BLOCK_CAPTURE_AUTORELEASING = YES;
				CLANG_WARN_BOOL_CONVERSION = YES;
				CLANG_WARN_COMMA = YES;
				CLANG_WARN_CONSTANT_CONVERSION = YES;
				CLANG_WARN_DIRECT_OBJC_ISA_USAGE = YES_ERROR;
				CLANG_WARN_DOCUMENTATION_COMMENTS = YES;
				CLANG_WARN_EMPTY_BODY = YES;
				CLANG_WARN_ENUM_CONVERSION = YES;
				CLANG_WARN_INFINITE_RECURSION = YES;
				CLANG_WARN_INT_CONVERSION = YES;
				CLANG_WARN_NON_LITERAL_NULL_CONVERSION = YES;
				CLANG_WARN_OBJC_LITERAL_CONVERSION = YES;
				CLANG_WARN_OBJC_ROOT_CLASS = YES_ERROR;
				CLANG_WARN_RANGE_LOOP_ANALYSIS = YES;
				CLANG_WARN_STRICT_PROTOTYPES = YES;
				CLANG_WARN_SUSPICIOUS_MOVE = YES;
				CLANG_WARN_UNGUARDED_AVAILABILITY = YES_AGGRESSIVE;
				CLANG_WARN_UNREACHABLE_CODE = YES;
				CLANG_WARN__DUPLICATE_METHOD_MATCH = YES;
				CODE_SIGN_IDENTITY = "iPhone Developer";
				COPY_PHASE_STRIP = NO;
				DEBUG_INFORMATION_FORMAT = "dwarf-with-dsym";
				ENABLE_NS_ASSERTIONS = NO;
				ENABLE_STRICT_OBJC_MSGSEND = YES;
				GCC_C_LANGUAGE_STANDARD = gnu11;
				GCC_NO_COMMON_BLOCKS = YES;
				GCC_WARN_64_TO_32_BIT_CONVERSION = YES;
				GCC_WARN_ABOUT_RETURN_TYPE = YES_ERROR;
				GCC_WARN_UNDECLARED_SELECTOR = YES;
				GCC_WARN_UNINITIALIZED_AUTOS = YES_AGGRESSIVE;
				GCC_WARN_UNUSED_FUNCTION = YES;
				GCC_WARN_UNUSED_VARIABLE = YES;
				IPHONEOS_DEPLOYMENT_TARGET = 11.0;
				MTL_ENABLE_DEBUG_INFO = NO;
				SDKROOT = iphoneos;
				VALIDATE_PRODUCT = YES;
			};
			name = Release;
		};
		E8FF5A5D22586A090088C1B2 /* Debug */ = {
			isa = XCBuildConfiguration;
			baseConfigurationReference = 70BCE07029C9C80FA29BB356 /* Pods-SimpleCam.debug.xcconfig */;
			buildSettings = {
				ASSETCATALOG_COMPILER_APPICON_NAME = AppIcon;
				CODE_SIGN_STYLE = Automatic;
				DEVELOPMENT_TEAM = 7P79J85545;
				GCC_PRECOMPILE_PREFIX_HEADER = YES;
				GCC_PREFIX_HEADER = "$(SRCROOT)/SimpleCam/Support/SimpleCam-Prefix.pch";
				INFOPLIST_FILE = SimpleCam/Info.plist;
				IPHONEOS_DEPLOYMENT_TARGET = 9.0;
				LD_RUNPATH_SEARCH_PATHS = "$(inherited) @executable_path/Frameworks";
				PRODUCT_BUNDLE_IDENTIFIER = com.lyman.SimpleCam;
				PRODUCT_NAME = "$(TARGET_NAME)";
				TARGETED_DEVICE_FAMILY = 1;
			};
			name = Debug;
		};
		E8FF5A5E22586A090088C1B2 /* Release */ = {
			isa = XCBuildConfiguration;
			baseConfigurationReference = 18622C5B371DAD04180D97FB /* Pods-SimpleCam.release.xcconfig */;
			buildSettings = {
				ASSETCATALOG_COMPILER_APPICON_NAME = AppIcon;
				CODE_SIGN_STYLE = Automatic;
				DEVELOPMENT_TEAM = 7P79J85545;
				GCC_PRECOMPILE_PREFIX_HEADER = YES;
				GCC_PREFIX_HEADER = "$(SRCROOT)/SimpleCam/Support/SimpleCam-Prefix.pch";
				INFOPLIST_FILE = SimpleCam/Info.plist;
				IPHONEOS_DEPLOYMENT_TARGET = 9.0;
				LD_RUNPATH_SEARCH_PATHS = "$(inherited) @executable_path/Frameworks";
				PRODUCT_BUNDLE_IDENTIFIER = com.lyman.SimpleCam;
				PRODUCT_NAME = "$(TARGET_NAME)";
				TARGETED_DEVICE_FAMILY = 1;
			};
			name = Release;
		};
/* End XCBuildConfiguration section */

/* Begin XCConfigurationList section */
		E8FF5A4122586A090088C1B2 /* Build configuration list for PBXProject "SimpleCam" */ = {
			isa = XCConfigurationList;
			buildConfigurations = (
				E8FF5A5A22586A090088C1B2 /* Debug */,
				E8FF5A5B22586A090088C1B2 /* Release */,
			);
			defaultConfigurationIsVisible = 0;
			defaultConfigurationName = Release;
		};
		E8FF5A5C22586A090088C1B2 /* Build configuration list for PBXNativeTarget "SimpleCam" */ = {
			isa = XCConfigurationList;
			buildConfigurations = (
				E8FF5A5D22586A090088C1B2 /* Debug */,
				E8FF5A5E22586A090088C1B2 /* Release */,
			);
			defaultConfigurationIsVisible = 0;
			defaultConfigurationName = Release;
		};
/* End XCConfigurationList section */
	};
	rootObject = E8FF5A3E22586A090088C1B2 /* Project object */;
}
